
Microsoft Visual Studio Solution File, Format Version 12.00
# Visual Studio 2012
Project("{FAE04EC0-301F-11D3-BF4B-00C04F79EFBC}") = "Communicator", "Communicator\Communicator.csproj", "{BB53752C-5825-4B54-BC9D-D6DC84A3F592}"
EndProject
Global
	GlobalSection(SolutionConfigurationPlatforms) = preSolution
		Debug|Any CPU = Debug|Any CPU
		Release|Any CPU = Release|Any CPU
	EndGlobalSection
	GlobalSection(ProjectConfigurationPlatforms) = postSolution
		{BB53752C-5825-4B54-BC9D-D6DC84A3F592}.Debug|Any CPU.ActiveCfg = Debug|Any CPU
		{BB53752C-5825-4B54-BC9D-D6DC84A3F592}.Debug|Any CPU.Build.0 = Debug|Any CPU
		{BB53752C-5825-4B54-BC9D-D6DC84A3F592}.Release|Any CPU.ActiveCfg = Release|Any CPU
		{BB53752C-5825-4B54-BC9D-D6DC84A3F592}.Release|Any CPU.Build.0 = Release|Any CPU
	EndGlobalSection
	GlobalSection(SolutionProperties) = preSolution
		HideSolutionNode = FALSE
	EndGlobalSection
EndGlobal
